Microsoft Visual Studio Solution File, Format Version 12.00
# Visual Studio Version 17
VisualStudioVersion = 17.5.2.0
MinimumVisualStudioVersion = 10.0.40219.1
Project("{FAE04EC0-301F-11D3-BF4B-00C04F79EFBC}") = "varu_quiz4_dotnet", "varu_quiz4_dotnet.csproj", "{097C8F89-5799-E2A8-8402-52AABCF6C2B4}"
EndProject
Global
	GlobalSection(SolutionConfigurationPlatforms) = preSolution
		Debug|Any CPU = Debug|Any CPU
		Release|Any CPU = Release|Any CPU
	EndGlobalSection
	GlobalSection(ProjectConfigurationPlatforms) = postSolution
		{097C8F89-5799-E2A8-8402-52AABCF6C2B4}.Debug|Any CPU.ActiveCfg = Debug|Any CPU
		{097C8F89-5799-E2A8-8402-52AABCF6C2B4}.Debug|Any CPU.Build.0 = Debug|Any CPU
		{097C8F89-5799-E2A8-8402-52AABCF6C2B4}.Release|Any CPU.ActiveCfg = Release|Any CPU
		{097C8F89-5799-E2A8-8402-52AABCF6C2B4}.Release|Any CPU.Build.0 = Release|Any CPU
	EndGlobalSection
	GlobalSection(SolutionProperties) = preSolution
		HideSolutionNode = FALSE
	EndGlobalSection
	GlobalSection(ExtensibilityGlobals) = postSolution
		SolutionGuid = {F47FC101-8ED1-432B-ACF0-B221FBD2289B}
	EndGlobalSection
EndGlobal
